
Microsoft Visual Studio Solution File, Format Version 12.00
# Visual Studio 15
VisualStudioVersion = 15.0.26228.92
MinimumVisualStudioVersion = 10.0.40219.1
Project("{FAE04EC0-301F-11D3-BF4B-00C04F79EFBC}") = "MyShop_UI", "MyShop_UI\MyShop_UI.csproj", "{57D88E77-7C0E-48EA-B854-AEEF6980C946}"
EndProject
Project("{FAE04EC0-301F-11D3-BF4B-00C04F79EFBC}") = "MyShop_UI.Tests", "MyShop_UI.Tests\MyShop_UI.Tests.csproj", "{F76EA125-4F80-4B84-9B36-8A2D05AADB21}"
EndProject
Global
	GlobalSection(SolutionConfigurationPlatforms) = preSolution
		Debug|Any CPU = Debug|Any CPU
		Release|Any CPU = Release|Any CPU
	EndGlobalSection
	GlobalSection(ProjectConfigurationPlatforms) = postSolution
		{57D88E77-7C0E-48EA-B854-AEEF6980C946}.Debug|Any CPU.ActiveCfg = Debug|Any CPU
		{57D88E77-7C0E-48EA-B854-AEEF6980C946}.Debug|Any CPU.Build.0 = Debug|Any CPU
		{57D88E77-7C0E-48EA-B854-AEEF6980C946}.Release|Any CPU.ActiveCfg = Release|Any CPU
		{57D88E77-7C0E-48EA-B854-AEEF6980C946}.Release|Any CPU.Build.0 = Release|Any CPU
		{F76EA125-4F80-4B84-9B36-8A2D05AADB21}.Debug|Any CPU.ActiveCfg = Debug|Any CPU
		{F76EA125-4F80-4B84-9B36-8A2D05AADB21}.Debug|Any CPU.Build.0 = Debug|Any CPU
		{F76EA125-4F80-4B84-9B36-8A2D05AADB21}.Release|Any CPU.ActiveCfg = Release|Any CPU
		{F76EA125-4F80-4B84-9B36-8A2D05AADB21}.Release|Any CPU.Build.0 = Release|Any CPU
	EndGlobalSection
	GlobalSection(SolutionProperties) = preSolution
		HideSolutionNode = FALSE
	EndGlobalSection
EndGlobal
